
Microsoft Visual Studio Solution File, Format Version 12.00
# Visual Studio Version 16
VisualStudioVersion = 16.0.30114.105
MinimumVisualStudioVersion = 10.0.40219.1
Project("{FAE04EC0-301F-11D3-BF4B-00C04F79EFBC}") = "Application", "Application\Application.csproj", "{5453D8B2-1492-4A30-B87A-B61AA233E060}"
EndProject
Project("{FAE04EC0-301F-11D3-BF4B-00C04F79EFBC}") = "Domain", "Domain\Domain.csproj", "{87F84B73-9627-4DA9-A320-EA2348DB5830}"
EndProject
Project("{FAE04EC0-301F-11D3-BF4B-00C04F79EFBC}") = "Infrastructure", "Infrastructure\Infrastructure.csproj", "{D1C72B08-31E0-456D-84A2-4220BA1F28AB}"
EndProject
Global
	GlobalSection(SolutionConfigurationPlatforms) = preSolution
		Debug|Any CPU = Debug|Any CPU
		Release|Any CPU = Release|Any CPU
	EndGlobalSection
	GlobalSection(SolutionProperties) = preSolution
		HideSolutionNode = FALSE
	EndGlobalSection
	GlobalSection(ProjectConfigurationPlatforms) = postSolution
		{5453D8B2-1492-4A30-B87A-B61AA233E060}.Debug|Any CPU.ActiveCfg = Debug|Any CPU
		{5453D8B2-1492-4A30-B87A-B61AA233E060}.Debug|Any CPU.Build.0 = Debug|Any CPU
		{5453D8B2-1492-4A30-B87A-B61AA233E060}.Release|Any CPU.ActiveCfg = Release|Any CPU
		{5453D8B2-1492-4A30-B87A-B61AA233E060}.Release|Any CPU.Build.0 = Release|Any CPU
		{87F84B73-9627-4DA9-A320-EA2348DB5830}.Debug|Any CPU.ActiveCfg = Debug|Any CPU
		{87F84B73-9627-4DA9-A320-EA2348DB5830}.Debug|Any CPU.Build.0 = Debug|Any CPU
		{87F84B73-9627-4DA9-A320-EA2348DB5830}.Release|Any CPU.ActiveCfg = Release|Any CPU
		{87F84B73-9627-4DA9-A320-EA2348DB5830}.Release|Any CPU.Build.0 = Release|Any CPU
		{D1C72B08-31E0-456D-84A2-4220BA1F28AB}.Debug|Any CPU.ActiveCfg = Debug|Any CPU
		{D1C72B08-31E0-456D-84A2-4220BA1F28AB}.Debug|Any CPU.Build.0 = Debug|Any CPU
		{D1C72B08-31E0-456D-84A2-4220BA1F28AB}.Release|Any CPU.ActiveCfg = Release|Any CPU
		{D1C72B08-31E0-456D-84A2-4220BA1F28AB}.Release|Any CPU.Build.0 = Release|Any CPU
	EndGlobalSection
EndGlobal
